
Microsoft Visual Studio Solution File, Format Version 12.00
# Visual Studio Version 17
VisualStudioVersion = 17.1.32210.238
MinimumVisualStudioVersion = 10.0.40219.1
Project("{9A19103F-16F7-4668-BE54-9A1E7A4F7556}") = "FiTex2SRT", "FiTex2SRT\FiTex2SRT.csproj", "{0F0CBF7B-6DD9-4A65-A964-7DACD39ED8C1}"
EndProject
Project("{9A19103F-16F7-4668-BE54-9A1E7A4F7556}") = "FiTex2SRT.Engine", "FiTex2SRT.Engine\FiTex2SRT.Engine.csproj", "{39F6F381-99D1-4ACC-88F1-E57714E1903C}"
EndProject
Global
	GlobalSection(SolutionConfigurationPlatforms) = preSolution
		Debug|Any CPU = Debug|Any CPU
		Release|Any CPU = Release|Any CPU
	EndGlobalSection
	GlobalSection(ProjectConfigurationPlatforms) = postSolution
		{0F0CBF7B-6DD9-4A65-A964-7DACD39ED8C1}.Debug|Any CPU.ActiveCfg = Debug|Any CPU
		{0F0CBF7B-6DD9-4A65-A964-7DACD39ED8C1}.Debug|Any CPU.Build.0 = Debug|Any CPU
		{0F0CBF7B-6DD9-4A65-A964-7DACD39ED8C1}.Release|Any CPU.ActiveCfg = Release|Any CPU
		{0F0CBF7B-6DD9-4A65-A964-7DACD39ED8C1}.Release|Any CPU.Build.0 = Release|Any CPU
		{39F6F381-99D1-4ACC-88F1-E57714E1903C}.Debug|Any CPU.ActiveCfg = Debug|Any CPU
		{39F6F381-99D1-4ACC-88F1-E57714E1903C}.Debug|Any CPU.Build.0 = Debug|Any CPU
		{39F6F381-99D1-4ACC-88F1-E57714E1903C}.Release|Any CPU.ActiveCfg = Release|Any CPU
		{39F6F381-99D1-4ACC-88F1-E57714E1903C}.Release|Any CPU.Build.0 = Release|Any CPU
	EndGlobalSection
	GlobalSection(SolutionProperties) = preSolution
		HideSolutionNode = FALSE
	EndGlobalSection
	GlobalSection(ExtensibilityGlobals) = postSolution
		SolutionGuid = {E9B1A58E-8CA0-4433-9005-0054E1F4F4E2}
	EndGlobalSection
EndGlobal
