
Microsoft Visual Studio Solution File, Format Version 12.00
# Visual Studio Version 17
VisualStudioVersion = 17.1.32210.238
MinimumVisualStudioVersion = 10.0.40219.1
Project("{9A19103F-16F7-4668-BE54-9A1E7A4F7556}") = "FiTex2SRT", "FiTex2SRT\FiTex2SRT.csproj", "{0F0CBF7B-6DD9-4A65-A964-7DACD39ED8C1}"
EndProject
Project("{9A19103F-16F7-4668-BE54-9A1E7A4F7556}") = "FiTex2SRT.Engine", "FiTex2SRT.Engine\FiTex2SRT.Engine.csproj", "{39F6F381-99D1-4ACC-88F1-E57714E1903C}"
EndProject
Project("{9A19103F-16F7-4668-BE54-9A1E7A4F7556}") = "FiTex2SRT.Engine.UnitTests", "FiTex2SRT.Engine.UnitTests\FiTex2SRT.Engine.UnitTests.csproj", "{655D4D6B-611C-4F8C-916C-6BB8C6370A86}"
EndProject
Project("{FAE04EC0-301F-11D3-BF4B-00C04F79EFBC}") = "FiTex2SRT.Debugger", "FiTex2SRT.Debugger\FiTex2SRT.Debugger.csproj", "{F295EF35-8D3A-44E7-8093-4C21358F4232}"
EndProject
Global
	GlobalSection(SolutionConfigurationPlatforms) = preSolution
		Debug|Any CPU = Debug|Any CPU
		Release|Any CPU = Release|Any CPU
	EndGlobalSection
	GlobalSection(ProjectConfigurationPlatforms) = postSolution
		{0F0CBF7B-6DD9-4A65-A964-7DACD39ED8C1}.Debug|Any CPU.ActiveCfg = Debug|Any CPU
		{0F0CBF7B-6DD9-4A65-A964-7DACD39ED8C1}.Debug|Any CPU.Build.0 = Debug|Any CPU
		{0F0CBF7B-6DD9-4A65-A964-7DACD39ED8C1}.Release|Any CPU.ActiveCfg = Release|Any CPU
		{0F0CBF7B-6DD9-4A65-A964-7DACD39ED8C1}.Release|Any CPU.Build.0 = Release|Any CPU
		{39F6F381-99D1-4ACC-88F1-E57714E1903C}.Debug|Any CPU.ActiveCfg = Debug|Any CPU
		{39F6F381-99D1-4ACC-88F1-E57714E1903C}.Debug|Any CPU.Build.0 = Debug|Any CPU
		{39F6F381-99D1-4ACC-88F1-E57714E1903C}.Release|Any CPU.ActiveCfg = Release|Any CPU
		{39F6F381-99D1-4ACC-88F1-E57714E1903C}.Release|Any CPU.Build.0 = Release|Any CPU
		{655D4D6B-611C-4F8C-916C-6BB8C6370A86}.Debug|Any CPU.ActiveCfg = Debug|Any CPU
		{655D4D6B-611C-4F8C-916C-6BB8C6370A86}.Debug|Any CPU.Build.0 = Debug|Any CPU
		{655D4D6B-611C-4F8C-916C-6BB8C6370A86}.Release|Any CPU.ActiveCfg = Release|Any CPU
		{655D4D6B-611C-4F8C-916C-6BB8C6370A86}.Release|Any CPU.Build.0 = Release|Any CPU
		{F295EF35-8D3A-44E7-8093-4C21358F4232}.Debug|Any CPU.ActiveCfg = Debug|Any CPU
		{F295EF35-8D3A-44E7-8093-4C21358F4232}.Debug|Any CPU.Build.0 = Debug|Any CPU
		{F295EF35-8D3A-44E7-8093-4C21358F4232}.Release|Any CPU.ActiveCfg = Release|Any CPU
		{F295EF35-8D3A-44E7-8093-4C21358F4232}.Release|Any CPU.Build.0 = Release|Any CPU
	EndGlobalSection
	GlobalSection(SolutionProperties) = preSolution
		HideSolutionNode = FALSE
	EndGlobalSection
	GlobalSection(ExtensibilityGlobals) = postSolution
		SolutionGuid = {E9B1A58E-8CA0-4433-9005-0054E1F4F4E2}
	EndGlobalSection
EndGlobal
